{
  "name": "linear-agents",
  "lockfileVersion": 3,
  "requires": true,
  "packages": {
    "": {
      "name": "linear-agents",
      "devDependencies": {
        "@secretlint/config-loader": "^13.0.5",
        "@secretlint/core": "^13.0.5",
        "@secretlint/secretlint-rule-preset-recommend": "^13.0.5"
      }
    },
    "node_modules/@secretlint/config-loader": {
      "version": "13.0.5",
      "resolved": "https://registry.npmjs.org/@secretlint/config-loader/-/config-loader-13.0.5.tgz",
      "integrity": "sha512-3hZ6xweL5kuRPqm4YTn9TE8yVkZVjwchtTqaSntT4C35kyrKohVMMTi9lPp6bgMDD/lzXKlwwRUuSn/dcPZq3Q==",
      "dev": true,
      "license": "MIT",
      "dependencies": {
        "@secretlint/profiler": "13.0.5",
        "@secretlint/resolver": "13.0.5",
        "@secretlint/types": "13.0.5",
        "ajv": "^8.20.0",
        "debug": "^4.4.3",
        "rc-config-loader": "^4.1.4"
      },
      "engines": {
        "node": ">=22.0.0"
      }
    },
    "node_modules/@secretlint/core": {
      "version": "13.0.5",
      "resolved": "https://registry.npmjs.org/@secretlint/core/-/core-13.0.5.tgz",
      "integrity": "sha512-GOT2sDxb3Gz1kLx1/1zfSbnzjQrmZ/8rB62jcz98uA2eavtMNkwgybsaW0toNIaGGCVvnfYJ35pwRR6UG8lJRQ==",
      "dev": true,
      "license": "MIT",
      "dependencies": {
        "@secretlint/profiler": "13.0.5",
        "@secretlint/types": "13.0.5",
        "debug": "^4.4.3",
        "structured-source": "^4.0.0"
      },
      "engines": {
        "node": ">=22.0.0"
      }
    },
    "node_modules/@secretlint/profiler": {
      "version": "13.0.5",
      "resolved": "https://registry.npmjs.org/@secretlint/profiler/-/profiler-13.0.5.tgz",
      "integrity": "sha512-FAQIuD+sHgBqUl3zf4PN/zPW4aMDo5Ou9z3lMqL7vWSDvujhqwqolyLbdK/FKsmpdE8L87vfiabL2XvWqufZ7Q==",
      "dev": true,
      "license": "MIT"
    },
    "node_modules/@secretlint/resolver": {
      "version": "13.0.5",
      "resolved": "https://registry.npmjs.org/@secretlint/resolver/-/resolver-13.0.5.tgz",
      "integrity": "sha512-6V3PfSKJTafCMLbPMVZkP1d43Ot9y4hB8tmtA10NEybnV2gqgO8hMrWe2SsZUPBugjUPTise7efs9BFPsO9M6A==",
      "dev": true,
      "license": "MIT"
    },
    "node_modules/@secretlint/secretlint-rule-preset-recommend": {
      "version": "13.0.5",
      "resolved": "https://registry.npmjs.org/@secretlint/secretlint-rule-preset-recommend/-/secretlint-rule-preset-recommend-13.0.5.tgz",
      "integrity": "sha512-dxOmTLf1w7I6rQEFPL8Hkdz6dR1FQXF0bzmTahH/Wyezy89TMPLL+8LbZ2YD8trkmYBnS37zUmOsZT6rMVftKQ==",
      "dev": true,
      "license": "MIT",
      "engines": {
        "node": ">=22.0.0"
      }
    },
    "node_modules/@secretlint/types": {
      "version": "13.0.5",
      "resolved": "https://registry.npmjs.org/@secretlint/types/-/types-13.0.5.tgz",
      "integrity": "sha512-VUIv9iZ9pg2lcWARUmR+7psoi02QBjgUtQnQGPRmAq/3Yt1whB5y52xwP2v5zxfj7C8KGrM2fxf7GhbHCHJUgQ==",
      "dev": true,
      "license": "MIT",
      "engines": {
        "node": ">=22.0.0"
      }
    },
    "node_modules/ajv": {
      "version": "8.20.0",
      "resolved": "https://registry.npmjs.org/ajv/-/ajv-8.20.0.tgz",
      "integrity": "sha512-Thbli+OlOj+iMPYFBVBfJ3OmCAnaSyNn4M1vz9T6Gka5Jt9ba/HIR56joy65tY6kx/FCF5VXNB819Y7/GUrBGA==",
      "dev": true,
      "license": "MIT",
      "dependencies": {
        "fast-deep-equal": "^3.1.3",
        "fast-uri": "^3.0.1",
        "json-schema-traverse": "^1.0.0",
        "require-from-string": "^2.0.2"
      },
      "funding": {
        "type": "github",
        "url": "https://github.com/sponsors/epoberezkin"
      }
    },
    "node_modules/argparse": {
      "version": "2.0.1",
      "resolved": "https://registry.npmjs.org/argparse/-/argparse-2.0.1.tgz",
      "integrity": "sha512-8+9WqebbFzpX9OR+Wa6O29asIogeRMzcGtAINdpMHHyAg10f05aSFVBbcEqGf/PXw1EjAZ+q2/bEBg3DvurK3Q==",
      "dev": true,
      "license": "Python-2.0"
    },
    "node_modules/boundary": {
      "version": "2.0.0",
      "resolved": "https://registry.npmjs.org/boundary/-/boundary-2.0.0.tgz",
      "integrity": "sha512-rJKn5ooC9u8q13IMCrW0RSp31pxBCHE3y9V/tp3TdWSLf8Em3p6Di4NBpfzbJge9YjjFEsD0RtFEjtvHL5VyEA==",
      "dev": true,
      "license": "BSD-2-Clause"
    },
    "node_modules/debug": {
      "version": "4.4.3",
      "resolved": "https://registry.npmjs.org/debug/-/debug-4.4.3.tgz",
      "integrity": "sha512-RGwwWnwQvkVfavKVt22FGLw+xYSdzARwm0ru6DhTVA3umU5hZc28V3kO4stgYryrTlLpuvgI9GiijltAjNbcqA==",
      "dev": true,
      "license": "MIT",
      "dependencies": {
        "ms": "^2.1.3"
      },
      "engines": {
        "node": ">=6.0"
      },
      "peerDependenciesMeta": {
        "supports-color": {
          "optional": true
        }
      }
    },
    "node_modules/fast-deep-equal": {
      "version": "3.1.3",
      "resolved": "https://registry.npmjs.org/fast-deep-equal/-/fast-deep-equal-3.1.3.tgz",
      "integrity": "sha512-f3qQ9oQy9j2AhBe/H9VC91wLmKBCCU/gDOnKNAYG5hswO7BLKj09Hc5HYNz9cGI++xlpDCIgDaitVs03ATR84Q==",
      "dev": true,
      "license": "MIT"
    },
    "node_modules/fast-uri": {
      "version": "3.1.7",
      "resolved": "https://registry.npmjs.org/fast-uri/-/fast-uri-3.1.7.tgz",
      "integrity": "sha512-dOvZVzjdZdz7phd9v6jCbwxrBW3fK6n8Rc0CtdmM4bumzMnxywBYhuph6J819RRw/ku+rLbelwfMunktuzVVHg==",
      "dev": true,
      "funding": [
        {
          "type": "github",
          "url": "https://github.com/sponsors/fastify"
        },
        {
          "type": "opencollective",
          "url": "https://opencollective.com/fastify"
        }
      ],
      "license": "BSD-3-Clause"
    },
    "node_modules/js-yaml": {
      "version": "4.3.2",
      "resolved": "https://registry.npmjs.org/js-yaml/-/js-yaml-4.3.2.tgz",
      "integrity": "sha512-SFNOvSJ+Dgf/9An904Yx+CgSlIPCkIpao4qo51lpee25TIRejdH3rhR4EZMGoNx3/TP3O+wzWuiTFl4sqbltzA==",
      "dev": true,
      "funding": [
        {
          "type": "github",
          "url": "https://github.com/sponsors/puzrin"
        },
        {
          "type": "github",
          "url": "https://github.com/sponsors/nodeca"
        }
      ],
      "license": "MIT",
      "dependencies": {
        "argparse": "^2.0.1"
      },
      "bin": {
        "js-yaml": "bin/js-yaml.js"
      }
    },
    "node_modules/json-schema-traverse": {
      "version": "1.0.0",
      "resolved": "https://registry.npmjs.org/json-schema-traverse/-/json-schema-traverse-1.0.0.tgz",
      "integrity": "sha512-NM8/P9n3XjXhIZn1lLhkFaACTOURQXjWhV4BA/RnOv8xvgqtqpAX9IO4mRQxSx1Rlo4tqzeqb0sOlruaOy3dug==",
      "dev": true,
      "license": "MIT"
    },
    "node_modules/json5": {
      "version": "2.2.3",
      "resolved": "https://registry.npmjs.org/json5/-/json5-2.2.3.tgz",
      "integrity": "sha512-XmOWe7eyHYH14cLdVPoyg+GOH3rYX++KpzrylJwSW98t3Nk+U8XOl8FWKOgwtzdb8lXGf6zYwDUzeHMWfxasyg==",
      "dev": true,
      "license": "MIT",
      "bin": {
        "json5": "lib/cli.js"
      },
      "engines": {
        "node": ">=6"
      }
    },
    "node_modules/ms": {
      "version": "2.1.3",
      "resolved": "https://registry.npmjs.org/ms/-/ms-2.1.3.tgz",
      "integrity": "sha512-6FlzubTLZG3J2a/NVCAleEhjzq5oxgHyaCU9yYXvcLsvoVaHJq/s5xXI6/XXP6tz7R9xAOtHnSO/tXtF3WRTlA==",
      "dev": true,
      "license": "MIT"
    },
    "node_modules/rc-config-loader": {
      "version": "4.1.4",
      "resolved": "https://registry.npmjs.org/rc-config-loader/-/rc-config-loader-4.1.4.tgz",
      "integrity": "sha512-3GiwEzklkbXTDp52UR5nT8iXgYAx1V9ZG/kDZT7p60u2GCv2XTwQq4NzinMoMpNtXhmt3WkhYXcj6HH8HdwCEQ==",
      "dev": true,
      "license": "MIT",
      "dependencies": {
        "debug": "^4.4.3",
        "js-yaml": "^4.1.1",
        "json5": "^2.2.3",
        "require-from-string": "^2.0.2"
      }
    },
    "node_modules/require-from-string": {
      "version": "2.0.2",
      "resolved": "https://registry.npmjs.org/require-from-string/-/require-from-string-2.0.2.tgz",
      "integrity": "sha512-Xf0nWe6RseziFMu+Ap9biiUbmplq6S9/p+7w7YXP/JBHhrUDDUhwa+vANyubuqfZWTveU//DYVGsDG7RKL/vEw==",
      "dev": true,
      "license": "MIT",
      "engines": {
        "node": ">=0.10.0"
      }
    },
    "node_modules/structured-source": {
      "version": "4.0.0",
      "resolved": "https://registry.npmjs.org/structured-source/-/structured-source-4.0.0.tgz",
      "integrity": "sha512-qGzRFNJDjFieQkl/sVOI2dUjHKRyL9dAJi2gCPGJLbJHBIkyOHxjuocpIEfbLioX+qSJpvbYdT49/YCdMznKxA==",
      "dev": true,
      "license": "BSD-2-Clause",
      "dependencies": {
        "boundary": "^2.0.0"
      }
    }
  }
}
